
Microsoft Visual Studio Solution File, Format Version 12.00
# Visual Studio Version 17
VisualStudioVersion = 17.14.36203.30
MinimumVisualStudioVersion = 10.0.40219.1
Project("{FAE04EC0-301F-11D3-BF4B-00C04F79EFBC}") = "Model", "Model\Model.csproj", "{A7B61925-1FCB-437B-B424-82DCB24F9764}"
EndProject
Project("{FAE04EC0-301F-11D3-BF4B-00C04F79EFBC}") = "GameServerTCP", "GameServerTCP\GameServerTCP.csproj", "{6ED90663-4511-4FCC-6791-9067652F8BC3}"
EndProject
Project("{FAE04EC0-301F-11D3-BF4B-00C04F79EFBC}") = "POC", "ConsoleApp1\POC.csproj", "{D84793DD-EBB3-3890-21E9-C0E433B3B57D}"
EndProject
Project("{2150E333-8FDC-42A3-9474-1A3956D46DE8}") = "Éléments de solution", "Éléments de solution", "{9C8CB701-102D-CF49-A3E0-89AC09D42C2C}"
EndProject
Project("{FAE04EC0-301F-11D3-BF4B-00C04F79EFBC}") = "LiteNetLib", "LiteNetLib\LiteNetLib.csproj", "{CD19DC5D-B660-02AC-3533-05551BF84ACE}"
EndProject
Project("{FAE04EC0-301F-11D3-BF4B-00C04F79EFBC}") = "ExplorerOpenGL", "ExplorerOpenGL\ExplorerOpenGL.csproj", "{9A1C1F65-580F-1CB6-FB5F-75B41EC26319}"
EndProject
Global
	GlobalSection(SolutionConfigurationPlatforms) = preSolution
		Debug|Any CPU = Debug|Any CPU
		Release|Any CPU = Release|Any CPU
	EndGlobalSection
	GlobalSection(ProjectConfigurationPlatforms) = postSolution
		{A7B61925-1FCB-437B-B424-82DCB24F9764}.Debug|Any CPU.ActiveCfg = Debug|Any CPU
		{A7B61925-1FCB-437B-B424-82DCB24F9764}.Debug|Any CPU.Build.0 = Debug|Any CPU
		{A7B61925-1FCB-437B-B424-82DCB24F9764}.Release|Any CPU.ActiveCfg = Release|Any CPU
		{A7B61925-1FCB-437B-B424-82DCB24F9764}.Release|Any CPU.Build.0 = Release|Any CPU
		{6ED90663-4511-4FCC-6791-9067652F8BC3}.Debug|Any CPU.ActiveCfg = Debug|Any CPU
		{6ED90663-4511-4FCC-6791-9067652F8BC3}.Debug|Any CPU.Build.0 = Debug|Any CPU
		{6ED90663-4511-4FCC-6791-9067652F8BC3}.Release|Any CPU.ActiveCfg = Release|Any CPU
		{6ED90663-4511-4FCC-6791-9067652F8BC3}.Release|Any CPU.Build.0 = Release|Any CPU
		{D84793DD-EBB3-3890-21E9-C0E433B3B57D}.Debug|Any CPU.ActiveCfg = Debug|Any CPU
		{D84793DD-EBB3-3890-21E9-C0E433B3B57D}.Debug|Any CPU.Build.0 = Debug|Any CPU
		{D84793DD-EBB3-3890-21E9-C0E433B3B57D}.Release|Any CPU.ActiveCfg = Release|Any CPU
		{D84793DD-EBB3-3890-21E9-C0E433B3B57D}.Release|Any CPU.Build.0 = Release|Any CPU
		{CD19DC5D-B660-02AC-3533-05551BF84ACE}.Debug|Any CPU.ActiveCfg = Debug|Any CPU
		{CD19DC5D-B660-02AC-3533-05551BF84ACE}.Debug|Any CPU.Build.0 = Debug|Any CPU
		{CD19DC5D-B660-02AC-3533-05551BF84ACE}.Release|Any CPU.ActiveCfg = Release|Any CPU
		{CD19DC5D-B660-02AC-3533-05551BF84ACE}.Release|Any CPU.Build.0 = Release|Any CPU
		{9A1C1F65-580F-1CB6-FB5F-75B41EC26319}.Debug|Any CPU.ActiveCfg = Debug|Any CPU
		{9A1C1F65-580F-1CB6-FB5F-75B41EC26319}.Debug|Any CPU.Build.0 = Debug|Any CPU
		{9A1C1F65-580F-1CB6-FB5F-75B41EC26319}.Release|Any CPU.ActiveCfg = Release|Any CPU
		{9A1C1F65-580F-1CB6-FB5F-75B41EC26319}.Release|Any CPU.Build.0 = Release|Any CPU
	EndGlobalSection
	GlobalSection(SolutionProperties) = preSolution
		HideSolutionNode = FALSE
	EndGlobalSection
	GlobalSection(ExtensibilityGlobals) = postSolution
		SolutionGuid = {F60AE28C-0042-48EB-B315-6718B5726358}
	EndGlobalSection
EndGlobal
